
Microsoft Visual Studio Solution File, Format Version 12.00
# Visual Studio Version 17
VisualStudioVersion = 17.0.31521.260
MinimumVisualStudioVersion = 10.0.40219.1
Project("{9A19103F-16F7-4668-BE54-9A1E7A4F7556}") = "MyList", "MyList.csproj", "{F31D05E6-0F09-4868-8F4F-047718141971}"
EndProject
Global
	GlobalSection(SolutionConfigurationPlatforms) = preSolution
		Debug|Any CPU = Debug|Any CPU
		Release|Any CPU = Release|Any CPU
	EndGlobalSection
	GlobalSection(ProjectConfigurationPlatforms) = postSolution
		{F31D05E6-0F09-4868-8F4F-047718141971}.Debug|Any CPU.ActiveCfg = Debug|Any CPU
		{F31D05E6-0F09-4868-8F4F-047718141971}.Debug|Any CPU.Build.0 = Debug|Any CPU
		{F31D05E6-0F09-4868-8F4F-047718141971}.Release|Any CPU.ActiveCfg = Release|Any CPU
		{F31D05E6-0F09-4868-8F4F-047718141971}.Release|Any CPU.Build.0 = Release|Any CPU
	EndGlobalSection
	GlobalSection(SolutionProperties) = preSolution
		HideSolutionNode = FALSE
	EndGlobalSection
	GlobalSection(ExtensibilityGlobals) = postSolution
		SolutionGuid = {86390042-B99F-47C2-AB6A-3F1EECEADDE3}
	EndGlobalSection
EndGlobal
